# This file is generated by running "yarn install" inside your project.
# Manual changes might be lost - proceed with caution!

__metadata:
  version: 6
  cacheKey: 8

"@actions/core@npm:^1.10.0":
  version: 1.10.0
  resolution: "@actions/core@npm:1.10.0"
  dependencies:
    "@actions/http-client": ^2.0.1
    uuid: ^8.3.2
  checksum: 0a75621e007ab20d887434cdd165f0b9036f14c22252a2faed33543d8b9d04ec95d823e69ca636a25245574e4585d73e1e9e47a845339553c664f9f2c9614669
  languageName: node
  linkType: hard

"@actions/http-client@npm:^2.0.1":
  version: 2.0.1
  resolution: "@actions/http-client@npm:2.0.1"
  dependencies:
    tunnel: ^0.0.6
  checksum: 799ec3df91e28a9da91ce6592e94f8b8923ccf6cc21a2f72c7429be5af5273f1625335411adc2a1bb222d56c852d5767214dfa6fa32a6da7e81dba8290e08f17
  languageName: node
  linkType: hard

"@actions/io@npm:^1.1.2":
  version: 1.1.2
  resolution: "@actions/io@npm:1.1.2"
  checksum: 3c6583c4557abf6c95e9cfc9b6377045e65ba2c5dd4863f4feedd6be9daf4f6b60e588ab0151d5626b5f8320a37f05b8d44ab5c329b8c19f65be31b0616e1464
  languageName: node
  linkType: hard

"@types/node@npm:^18.8.5":
  version: 18.8.5
  resolution: "@types/node@npm:18.8.5"
  checksum: f7d896f54743178e64c534c6da16f582505acf18904ecd0ee8541cb4bc1d429ba514e7ecfd5145221b71adbd6ae1ff72df082f667e56d056fcd1a719df948e08
  languageName: node
  linkType: hard

"gradle-to-ts@npm:^2.0.1":
  version: 2.0.1
  resolution: "gradle-to-ts@npm:2.0.1"
  dependencies:
    lodash.merge: ^4.6.2
    typescript: ^4.8.4
  bin:
    gradle-to-ts: ./cli.js
  checksum: e4d3cf9e79940cc45fa7d818e7a6606571d1ad7b56bbacc7ad1791366c7a5a0f09d0c4a8851c7e8b9ed6bab01d3742d23f9793c73c0d6ab80bb1096c2ecdd334
  languageName: node
  linkType: hard

"lodash.merge@npm:^4.6.2":
  version: 4.6.2
  resolution: "lodash.merge@npm:4.6.2"
  checksum: ad580b4bdbb7ca1f7abf7e1bce63a9a0b98e370cf40194b03380a46b4ed799c9573029599caebc1b14e3f24b111aef72b96674a56cfa105e0f5ac70546cdc005
  languageName: node
  linkType: hard

"tunnel@npm:^0.0.6":
  version: 0.0.6
  resolution: "tunnel@npm:0.0.6"
  checksum: c362948df9ad34b649b5585e54ce2838fa583aa3037091aaed66793c65b423a264e5229f0d7e9a95513a795ac2bd4cb72cda7e89a74313f182c1e9ae0b0994fa
  languageName: node
  linkType: hard

"typescript@npm:^4.8.4":
  version: 4.8.4
  resolution: "typescript@npm:4.8.4"
  bin:
    tsc: bin/tsc
    tsserver: bin/tsserver
  checksum: 3e4f061658e0c8f36c820802fa809e0fd812b85687a9a2f5430bc3d0368e37d1c9605c3ce9b39df9a05af2ece67b1d844f9f6ea8ff42819f13bcb80f85629af0
  languageName: node
  linkType: hard

"typescript@patch:typescript@^4.8.4#~builtin<compat/typescript>":
  version: 4.8.4
  resolution: "typescript@patch:typescript@npm%3A4.8.4#~builtin<compat/typescript>::version=4.8.4&hash=a1c5e5"
  bin:
    tsc: bin/tsc
    tsserver: bin/tsserver
  checksum: 563a0ef47abae6df27a9a3ab38f75fc681f633ccf1a3502b1108e252e187787893de689220f4544aaf95a371a4eb3141e4a337deb9895de5ac3c1ca76430e5f0
  languageName: node
  linkType: hard

"uuid@npm:^8.3.2":
  version: 8.3.2
  resolution: "uuid@npm:8.3.2"
  bin:
    uuid: dist/bin/uuid
  checksum: 5575a8a75c13120e2f10e6ddc801b2c7ed7d8f3c8ac22c7ed0c7b2ba6383ec0abda88c905085d630e251719e0777045ae3236f04c812184b7c765f63a70e58df
  languageName: node
  linkType: hard

"vendordep-version@workspace:.":
  version: 0.0.0-use.local
  resolution: "vendordep-version@workspace:."
  dependencies:
    "@actions/core": ^1.10.0
    "@actions/io": ^1.1.2
    "@types/node": ^18.8.5
    gradle-to-ts: ^2.0.1
    typescript: ^4.8.4
  languageName: unknown
  linkType: soft
